
Microsoft Visual Studio Solution File, Format Version 12.00
# Visual Studio Version 17
VisualStudioVersion = 17.0.32014.148
MinimumVisualStudioVersion = 10.0.40219.1
Project("{888888A0-9F3D-457C-B088-3A5042F75D52}") = "Task01", "Task01\Task01.pyproj", "{7D72B476-9642-4F91-B1B5-B83D0301A448}"
EndProject
Global
	GlobalSection(SolutionConfigurationPlatforms) = preSolution
		Debug|Any CPU = Debug|Any CPU
		Release|Any CPU = Release|Any CPU
	EndGlobalSection
	GlobalSection(ProjectConfigurationPlatforms) = postSolution
		{7D72B476-9642-4F91-B1B5-B83D0301A448}.Debug|Any CPU.ActiveCfg = Debug|Any CPU
		{7D72B476-9642-4F91-B1B5-B83D0301A448}.Release|Any CPU.ActiveCfg = Release|Any CPU
	EndGlobalSection
	GlobalSection(SolutionProperties) = preSolution
		HideSolutionNode = FALSE
	EndGlobalSection
	GlobalSection(ExtensibilityGlobals) = postSolution
		SolutionGuid = {A35413A7-C820-428F-BA5D-4B05F5978C6D}
	EndGlobalSection
EndGlobal
